{
  "pins" : [
    {
      "identity" : "asn1decoder",
      "kind" : "remoteSourceControl",
      "location" : "https://github.com/IdeasOnCanvas/ASN1Decoder",
      "state" : {
        "revision" : "1fa1e9c68c27cbed56e2a997605ae2e808cf4d98",
        "version" : "1.8.2"
      }
    }
  ],
  "version" : 2
}
